
Microsoft Visual Studio Solution File, Format Version 12.00
# Visual Studio Version 16
VisualStudioVersion = 16.0.30002.166
MinimumVisualStudioVersion = 10.0.40219.1
Project("{FAE04EC0-301F-11D3-BF4B-00C04F79EFBC}") = "BitView", "src\BitView.csproj", "{A799A7E8-1D35-49F4-92E6-81524B953562}"
EndProject
Global
	GlobalSection(SolutionConfigurationPlatforms) = preSolution
		Debug|Any CPU = Debug|Any CPU
		Release|Any CPU = Release|Any CPU
	EndGlobalSection
	GlobalSection(ProjectConfigurationPlatforms) = postSolution
		{A799A7E8-1D35-49F4-92E6-81524B953562}.Debug|Any CPU.ActiveCfg = Debug|Any CPU
		{A799A7E8-1D35-49F4-92E6-81524B953562}.Debug|Any CPU.Build.0 = Debug|Any CPU
		{A799A7E8-1D35-49F4-92E6-81524B953562}.Release|Any CPU.ActiveCfg = Release|Any CPU
		{A799A7E8-1D35-49F4-92E6-81524B953562}.Release|Any CPU.Build.0 = Release|Any CPU
	EndGlobalSection
	GlobalSection(SolutionProperties) = preSolution
		HideSolutionNode = FALSE
	EndGlobalSection
	GlobalSection(ExtensibilityGlobals) = postSolution
		SolutionGuid = {2EB4B1AF-6537-4E4A-84B7-3E0B592598B7}
	EndGlobalSection
EndGlobal
